// !$*UTF8*$!
{
	archiveVersion = 1;
	classes = {
	};
	objectVersion = 46;
	objects = {

/* Begin PBXBuildFile section */
		0473ECDE1C3FDF8500255175 /* main.m in Sources */ = {isa = PBXBuildFile; fileRef = 0473ECDD1C3FDF8500255175 /* main.m */; };
		0473ECE11C3FDF8500255175 /* AppDelegate.m in Sources */ = {isa = PBXBuildFile; fileRef = 0473ECE01C3FDF8500255175 /* AppDelegate.m */; };
		0473ECE41C3FDF8500255175 /* ViewController.m in Sources */ = {isa = PBXBuildFile; fileRef = 0473ECE31C3FDF8500255175 /* ViewController.m */; };
		0473ECE71C3FDF8500255175 /* Main.storyboard in Resources */ = {isa = PBXBuildFile; fileRef = 0473ECE51C3FDF8500255175 /* Main.storyboard */; };
		0473ECE91C3FDF8500255175 /* Assets.xcassets in Resources */ = {isa = PBXBuildFile; fileRef = 0473ECE81C3FDF8500255175 /* Assets.xcassets */; };
		0473ECEC1C3FDF8500255175 /* LaunchScreen.storyboard in Resources */ = {isa = PBXBuildFile; fileRef = 0473ECEA1C3FDF8500255175 /* LaunchScreen.storyboard */; };
		0473ECF71C3FDF8500255175 /* WBImageViewTests.m in Sources */ = {isa = PBXBuildFile; fileRef = 0473ECF61C3FDF8500255175 /* WBImageViewTests.m */; };
		0473ED021C3FDF8500255175 /* WBImageViewUITests.m in Sources */ = {isa = PBXBuildFile; fileRef = 0473ED011C3FDF8500255175 /* WBImageViewUITests.m */; };
		0473ED111C3FDFCB00255175 /* WBScrollViewController.m in Sources */ = {isa = PBXBuildFile; fileRef = 0473ED101C3FDFCB00255175 /* WBScrollViewController.m */; };
		0473ED141C3FDFE600255175 /* WBImageView.m in Sources */ = {isa = PBXBuildFile; fileRef = 0473ED131C3FDFE600255175 /* WBImageView.m */; };
		0473ED171C3FE00100255175 /* WBImageViewItem.m in Sources */ = {isa = PBXBuildFile; fileRef = 0473ED161C3FE00100255175 /* WBImageViewItem.m */; };
		0473ED201C3FE2E400255175 /* UIUtils.m in Sources */ = {isa = PBXBuildFile; fileRef = 0473ED1D1C3FE2E400255175 /* UIUtils.m */; };
		0473ED211C3FE2E400255175 /* UIViewExt.m in Sources */ = {isa = PBXBuildFile; fileRef = 0473ED1F1C3FE2E400255175 /* UIViewExt.m */; };
		0473ED421C3FE32A00255175 /* MKAnnotationView+WebCache.m in Sources */ = {isa = PBXBuildFile; fileRef = 0473ED241C3FE32A00255175 /* MKAnnotationView+WebCache.m */; };
		0473ED431C3FE32A00255175 /* NSData+ImageContentType.m in Sources */ = {isa = PBXBuildFile; fileRef = 0473ED261C3FE32A00255175 /* NSData+ImageContentType.m */; };
		0473ED441C3FE32A00255175 /* SDImageCache.m in Sources */ = {isa = PBXBuildFile; fileRef = 0473ED281C3FE32A00255175 /* SDImageCache.m */; };
		0473ED451C3FE32A00255175 /* SDWebImageCompat.m in Sources */ = {isa = PBXBuildFile; fileRef = 0473ED2A1C3FE32A00255175 /* SDWebImageCompat.m */; };
		0473ED461C3FE32A00255175 /* SDWebImageDecoder.m in Sources */ = {isa = PBXBuildFile; fileRef = 0473ED2C1C3FE32A00255175 /* SDWebImageDecoder.m */; };
		0473ED471C3FE32A00255175 /* SDWebImageDownloader.m in Sources */ = {isa = PBXBuildFile; fileRef = 0473ED2E1C3FE32A00255175 /* SDWebImageDownloader.m */; };
		0473ED481C3FE32A00255175 /* SDWebImageDownloaderOperation.m in Sources */ = {isa = PBXBuildFile; fileRef = 0473ED301C3FE32A00255175 /* SDWebImageDownloaderOperation.m */; };
		0473ED491C3FE32A00255175 /* SDWebImageManager.m in Sources */ = {isa = PBXBuildFile; fileRef = 0473ED321C3FE32A00255175 /* SDWebImageManager.m */; };
		0473ED4A1C3FE32A00255175 /* SDWebImagePrefetcher.m in Sources */ = {isa = PBXBuildFile; fileRef = 0473ED351C3FE32A00255175 /* SDWebImagePrefetcher.m */; };
		0473ED4B1C3FE32A00255175 /* UIButton+WebCache.m in Sources */ = {isa = PBXBuildFile; fileRef = 0473ED371C3FE32A00255175 /* UIButton+WebCache.m */; };
		0473ED4C1C3FE32A00255175 /* UIImage+GIF.m in Sources */ = {isa = PBXBuildFile; fileRef = 0473ED391C3FE32A00255175 /* UIImage+GIF.m */; };
		0473ED4D1C3FE32A00255175 /* UIImage+MultiFormat.m in Sources */ = {isa = PBXBuildFile; fileRef = 0473ED3B1C3FE32A00255175 /* UIImage+MultiFormat.m */; };
		0473ED4E1C3FE32A00255175 /* UIImage+WebP.m in Sources */ = {isa = PBXBuildFile; fileRef = 0473ED3D1C3FE32A00255175 /* UIImage+WebP.m */; };
		0473ED4F1C3FE32A00255175 /* UIImageView+HighlightedWebCache.m in Sources */ = {isa = PBXBuildFile; fileRef = 0473ED3F1C3FE32A00255175 /* UIImageView+HighlightedWebCache.m */; };
		0473ED501C3FE32A00255175 /* UIImageView+WebCache.m in Sources */ = {isa = PBXBuildFile; fileRef = 0473ED411C3FE32A00255175 /* UIImageView+WebCache.m */; };
/* End PBXBuildFile section */

/* Begin PBXContainerItemProxy section */
		0473ECF31C3FDF8500255175 /* PBXContainerItemProxy */ = {
			isa = PBXContainerItemProxy;
			containerPortal = 0473ECD11C3FDF8400255175 /* Project object */;
			proxyType = 1;
			remoteGlobalIDString = 0473ECD81C3FDF8400255175;
			remoteInfo = WBImageView;
		};
		0473ECFE1C3FDF8500255175 /* PBXContainerItemProxy */ = {
			isa = PBXContainerItemProxy;
			containerPortal = 0473ECD11C3FDF8400255175 /* Project object */;
			proxyType = 1;
			remoteGlobalIDString = 0473ECD81C3FDF8400255175;
			remoteInfo = WBImageView;
		};
/* End PBXContainerItemProxy section */

/* Begin PBXFileReference section */
		0473ECD91C3FDF8400255175 /* WBImageView.app */ = {isa = PBXFileReference; explicitFileType = wrapper.application; includeInIndex = 0; path = WBImageView.app; sourceTree = BUILT_PRODUCTS_DIR; };
		0473ECDD1C3FDF8500255175 /* main.m */ = {isa = PBXFileReference; lastKnownFileType = sourcecode.c.objc; path = main.m; sourceTree = "<group>"; };
		0473ECDF1C3FDF8500255175 /* AppDelegate.h */ = {isa = PBXFileReference; lastKnownFileType = sourcecode.c.h; path = AppDelegate.h; sourceTree = "<group>"; };
		0473ECE01C3FDF8500255175 /* AppDelegate.m */ = {isa = PBXFileReference; lastKnownFileType = sourcecode.c.objc; path = AppDelegate.m; sourceTree = "<group>"; };
		0473ECE21C3FDF8500255175 /* ViewController.h */ = {isa = PBXFileReference; lastKnownFileType = sourcecode.c.h; path = ViewController.h; sourceTree = "<group>"; };
		0473ECE31C3FDF8500255175 /* ViewController.m */ = {isa = PBXFileReference; lastKnownFileType = sourcecode.c.objc; path = ViewController.m; sourceTree = "<group>"; };
		0473ECE61C3FDF8500255175 /* Base */ = {isa = PBXFileReference; lastKnownFileType = file.storyboard; name = Base; path = Base.lproj/Main.storyboard; sourceTree = "<group>"; };
		0473ECE81C3FDF8500255175 /* Assets.xcassets */ = {isa = PBXFileReference; lastKnownFileType = folder.assetcatalog; path = Assets.xcassets; sourceTree = "<group>"; };
		0473ECEB1C3FDF8500255175 /* Base */ = {isa = PBXFileReference; lastKnownFileType = file.storyboard; name = Base; path = Base.lproj/LaunchScreen.storyboard; sourceTree = "<group>"; };
		0473ECED1C3FDF8500255175 /* Info.plist */ = {isa = PBXFileReference; lastKnownFileType = text.plist.xml; path = Info.plist; sourceTree = "<group>"; };
		0473ECF21C3FDF8500255175 /* WBImageViewTests.xctest */ = {isa = PBXFileReference; explicitFileType = wrapper.cfbundle; includeInIndex = 0; path = WBImageViewTests.xctest; sourceTree = BUILT_PRODUCTS_DIR; };
		0473ECF61C3FDF8500255175 /* WBImageViewTests.m */ = {isa = PBXFileReference; lastKnownFileType = sourcecode.c.objc; path = WBImageViewTests.m; sourceTree = "<group>"; };
		0473ECF81C3FDF8500255175 /* Info.plist */ = {isa = PBXFileReference; lastKnownFileType = text.plist.xml; path = Info.plist; sourceTree = "<group>"; };
		0473ECFD1C3FDF8500255175 /* WBImageViewUITests.xctest */ = {isa = PBXFileReference; explicitFileType = wrapper.cfbundle; includeInIndex = 0; path = WBImageViewUITests.xctest; sourceTree = BUILT_PRODUCTS_DIR; };
		0473ED011C3FDF8500255175 /* WBImageViewUITests.m */ = {isa = PBXFileReference; lastKnownFileType = sourcecode.c.objc; path = WBImageViewUITests.m; sourceTree = "<group>"; };
		0473ED031C3FDF8500255175 /* Info.plist */ = {isa = PBXFileReference; lastKnownFileType = text.plist.xml; path = Info.plist; sourceTree = "<group>"; };
		0473ED0F1C3FDFCB00255175 /* WBScrollViewController.h */ = {isa = PBXFileReference; fileEncoding = 4; lastKnownFileType = sourcecode.c.h; path = WBScrollViewController.h; sourceTree = "<group>"; };
		0473ED101C3FDFCB00255175 /* WBScrollViewController.m */ = {isa = PBXFileReference; fileEncoding = 4; lastKnownFileType = sourcecode.c.objc; path = WBScrollViewController.m; sourceTree = "<group>"; };
		0473ED121C3FDFE600255175 /* WBImageView.h */ = {isa = PBXFileReference; fileEncoding = 4; lastKnownFileType = sourcecode.c.h; path = WBImageView.h; sourceTree = "<group>"; };
		0473ED131C3FDFE600255175 /* WBImageView.m */ = {isa = PBXFileReference; fileEncoding = 4; lastKnownFileType = sourcecode.c.objc; path = WBImageView.m; sourceTree = "<group>"; };
		0473ED151C3FE00100255175 /* WBImageViewItem.h */ = {isa = PBXFileReference; fileEncoding = 4; lastKnownFileType = sourcecode.c.h; path = WBImageViewItem.h; sourceTree = "<group>"; };
		0473ED161C3FE00100255175 /* WBImageViewItem.m */ = {isa = PBXFileReference; fileEncoding = 4; lastKnownFileType = sourcecode.c.objc; path = WBImageViewItem.m; sourceTree = "<group>"; };
		0473ED1C1C3FE2E400255175 /* UIUtils.h */ = {isa = PBXFileReference; fileEncoding = 4; lastKnownFileType = sourcecode.c.h; path = UIUtils.h; sourceTree = "<group>"; };
		0473ED1D1C3FE2E400255175 /* UIUtils.m */ = {isa = PBXFileReference; fileEncoding = 4; lastKnownFileType = sourcecode.c.objc; path = UIUtils.m; sourceTree = "<group>"; };
		0473ED1E1C3FE2E400255175 /* UIViewExt.h */ = {isa = PBXFileReference; fileEncoding = 4; lastKnownFileType = sourcecode.c.h; path = UIViewExt.h; sourceTree = "<group>"; };
		0473ED1F1C3FE2E400255175 /* UIViewExt.m */ = {isa = PBXFileReference; fileEncoding = 4; lastKnownFileType = sourcecode.c.objc; path = UIViewExt.m; sourceTree = "<group>"; };
		0473ED231C3FE32A00255175 /* MKAnnotationView+WebCache.h */ = {isa = PBXFileReference; fileEncoding = 4; lastKnownFileType = sourcecode.c.h; path = "MKAnnotationView+WebCache.h"; sourceTree = "<group>"; };
		0473ED241C3FE32A00255175 /* MKAnnotationView+WebCache.m */ = {isa = PBXFileReference; fileEncoding = 4; lastKnownFileType = sourcecode.c.objc; path = "MKAnnotationView+WebCache.m"; sourceTree = "<group>"; };
		0473ED251C3FE32A00255175 /* NSData+ImageContentType.h */ = {isa = PBXFileReference; fileEncoding = 4; lastKnownFileType = sourcecode.c.h; path = "NSData+ImageContentType.h"; sourceTree = "<group>"; };
		0473ED261C3FE32A00255175 /* NSData+ImageContentType.m */ = {isa = PBXFileReference; fileEncoding = 4; lastKnownFileType = sourcecode.c.objc; path = "NSData+ImageContentType.m"; sourceTree = "<group>"; };
		0473ED271C3FE32A00255175 /* SDImageCache.h */ = {isa = PBXFileReference; fileEncoding = 4; lastKnownFileType = sourcecode.c.h; path = SDImageCache.h; sourceTree = "<group>"; };
		0473ED281C3FE32A00255175 /* SDImageCache.m */ = {isa = PBXFileReference; fileEncoding = 4; lastKnownFileType = sourcecode.c.objc; path = SDImageCache.m; sourceTree = "<group>"; };
		0473ED291C3FE32A00255175 /* SDWebImageCompat.h */ = {isa = PBXFileReference; fileEncoding = 4; lastKnownFileType = sourcecode.c.h; path = SDWebImageCompat.h; sourceTree = "<group>"; };
		0473ED2A1C3FE32A00255175 /* SDWebImageCompat.m */ = {isa = PBXFileReference; fileEncoding = 4; lastKnownFileType = sourcecode.c.objc; path = SDWebImageCompat.m; sourceTree = "<group>"; };
		0473ED2B1C3FE32A00255175 /* SDWebImageDecoder.h */ = {isa = PBXFileReference; fileEncoding = 4; lastKnownFileType = sourcecode.c.h; path = SDWebImageDecoder.h; sourceTree = "<group>"; };
		0473ED2C1C3FE32A00255175 /* SDWebImageDecoder.m */ = {isa = PBXFileReference; fileEncoding = 4; lastKnownFileType = sourcecode.c.objc; path = SDWebImageDecoder.m; sourceTree = "<group>"; };
		0473ED2D1C3FE32A00255175 /* SDWebImageDownloader.h */ = {isa = PBXFileReference; fileEncoding = 4; lastKnownFileType = sourcecode.c.h; path = SDWebImageDownloader.h; sourceTree = "<group>"; };
		0473ED2E1C3FE32A00255175 /* SDWebImageDownloader.m */ = {isa = PBXFileReference; fileEncoding = 4; lastKnownFileType = sourcecode.c.objc; path = SDWebImageDownloader.m; sourceTree = "<group>"; };
		0473ED2F1C3FE32A00255175 /* SDWebImageDownloaderOperation.h */ = {isa = PBXFileReference; fileEncoding = 4; lastKnownFileType = sourcecode.c.h; path = SDWebImageDownloaderOperation.h; sourceTree = "<group>"; };
		0473ED301C3FE32A00255175 /* SDWebImageDownloaderOperation.m */ = {isa = PBXFileReference; fileEncoding = 4; lastKnownFileType = sourcecode.c.objc; path = SDWebImageDownloaderOperation.m; sourceTree = "<group>"; };
		0473ED311C3FE32A00255175 /* SDWebImageManager.h */ = {isa = PBXFileReference; fileEncoding = 4; lastKnownFileType = sourcecode.c.h; path = SDWebImageManager.h; sourceTree = "<group>"; };
		0473ED321C3FE32A00255175 /* SDWebImageManager.m */ = {isa = PBXFileReference; fileEncoding = 4; lastKnownFileType = sourcecode.c.objc; path = SDWebImageManager.m; sourceTree = "<group>"; };
		0473ED331C3FE32A00255175 /* SDWebImageOperation.h */ = {isa = PBXFileReference; fileEncoding = 4; lastKnownFileType = sourcecode.c.h; path = SDWebImageOperation.h; sourceTree = "<group>"; };
		0473ED341C3FE32A00255175 /* SDWebImagePrefetcher.h */ = {isa = PBXFileReference; fileEncoding = 4; lastKnownFileType = sourcecode.c.h; path = SDWebImagePrefetcher.h; sourceTree = "<group>"; };
		0473ED351C3FE32A00255175 /* SDWebImagePrefetcher.m */ = {isa = PBXFileReference; fileEncoding = 4; lastKnownFileType = sourcecode.c.objc; path = SDWebImagePrefetcher.m; sourceTree = "<group>"; };
		0473ED361C3FE32A00255175 /* UIButton+WebCache.h */ = {isa = PBXFileReference; fileEncoding = 4; lastKnownFileType = sourcecode.c.h; path = "UIButton+WebCache.h"; sourceTree = "<group>"; };
		0473ED371C3FE32A00255175 /* UIButton+WebCache.m */ = {isa = PBXFileReference; fileEncoding = 4; lastKnownFileType = sourcecode.c.objc; path = "UIButton+WebCache.m"; sourceTree = "<group>"; };
		0473ED381C3FE32A00255175 /* UIImage+GIF.h */ = {isa = PBXFileReference; fileEncoding = 4; lastKnownFileType = sourcecode.c.h; path = "UIImage+GIF.h"; sourceTree = "<group>"; };
		0473ED391C3FE32A00255175 /* UIImage+GIF.m */ = {isa = PBXFileReference; fileEncoding = 4; lastKnownFileType = sourcecode.c.objc; path = "UIImage+GIF.m"; sourceTree = "<group>"; };
		0473ED3A1C3FE32A00255175 /* UIImage+MultiFormat.h */ = {isa = PBXFileReference; fileEncoding = 4; lastKnownFileType = sourcecode.c.h; path = "UIImage+MultiFormat.h"; sourceTree = "<group>"; };
		0473ED3B1C3FE32A00255175 /* UIImage+MultiFormat.m */ = {isa = PBXFileReference; fileEncoding = 4; lastKnownFileType = sourcecode.c.objc; path = "UIImage+MultiFormat.m"; sourceTree = "<group>"; };
		0473ED3C1C3FE32A00255175 /* UIImage+WebP.h */ = {isa = PBXFileReference; fileEncoding = 4; lastKnownFileType = sourcecode.c.h; path = "UIImage+WebP.h"; sourceTree = "<group>"; };
		0473ED3D1C3FE32A00255175 /* UIImage+WebP.m */ = {isa = PBXFileReference; fileEncoding = 4; lastKnownFileType = sourcecode.c.objc; path = "UIImage+WebP.m"; sourceTree = "<group>"; };
		0473ED3E1C3FE32A00255175 /* UIImageView+HighlightedWebCache.h */ = {isa = PBXFileReference; fileEncoding = 4; lastKnownFileType = sourcecode.c.h; path = "UIImageView+HighlightedWebCache.h"; sourceTree = "<group>"; };
		0473ED3F1C3FE32A00255175 /* UIImageView+HighlightedWebCache.m */ = {isa = PBXFileReference; fileEncoding = 4; lastKnownFileType = sourcecode.c.objc; path = "UIImageView+HighlightedWebCache.m"; sourceTree = "<group>"; };
		0473ED401C3FE32A00255175 /* UIImageView+WebCache.h */ = {isa = PBXFileReference; fileEncoding = 4; lastKnownFileType = sourcecode.c.h; path = "UIImageView+WebCache.h"; sourceTree = "<group>"; };
		0473ED411C3FE32A00255175 /* UIImageView+WebCache.m */ = {isa = PBXFileReference; fileEncoding = 4; lastKnownFileType = sourcecode.c.objc; path = "UIImageView+WebCache.m"; sourceTree = "<group>"; };
/* End PBXFileReference section */

/* Begin PBXFrameworksBuildPhase section */
		0473ECD61C3FDF8400255175 /* Frameworks */ = {
			isa = PBXFrameworksBuildPhase;
			buildActionMask = 2147483647;
			files = (
			);
			runOnlyForDeploymentPostprocessing = 0;
		};
		0473ECEF1C3FDF8500255175 /* Frameworks */ = {
			isa = PBXFrameworksBuildPhase;
			buildActionMask = 2147483647;
			files = (
			);
			runOnlyForDeploymentPostprocessing = 0;
		};
		0473ECFA1C3FDF8500255175 /* Frameworks */ = {
			isa = PBXFrameworksBuildPhase;
			buildActionMask = 2147483647;
			files = (
			);
			runOnlyForDeploymentPostprocessing = 0;
		};
/* End PBXFrameworksBuildPhase section */

/* Begin PBXGroup section */
		0473ECD01C3FDF8400255175 = {
			isa = PBXGroup;
			children = (
				0473ECDB1C3FDF8400255175 /* WBImageView */,
				0473ECF51C3FDF8500255175 /* WBImageViewTests */,
				0473ED001C3FDF8500255175 /* WBImageViewUITests */,
				0473ECDA1C3FDF8400255175 /* Products */,
			);
			sourceTree = "<group>";
		};
		0473ECDA1C3FDF8400255175 /* Products */ = {
			isa = PBXGroup;
			children = (
				0473ECD91C3FDF8400255175 /* WBImageView.app */,
				0473ECF21C3FDF8500255175 /* WBImageViewTests.xctest */,
				0473ECFD1C3FDF8500255175 /* WBImageViewUITests.xctest */,
			);
			name = Products;
			sourceTree = "<group>";
		};
		0473ECDB1C3FDF8400255175 /* WBImageView */ = {
			isa = PBXGroup;
			children = (
				0473ED221C3FE32A00255175 /* SDWebImage */,
				0473ED1B1C3FE2E400255175 /* UIUtils */,
				0473ECDF1C3FDF8500255175 /* AppDelegate.h */,
				0473ECE01C3FDF8500255175 /* AppDelegate.m */,
				0473ECE21C3FDF8500255175 /* ViewController.h */,
				0473ECE31C3FDF8500255175 /* ViewController.m */,
				0473ED121C3FDFE600255175 /* WBImageView.h */,
				0473ED131C3FDFE600255175 /* WBImageView.m */,
				0473ED151C3FE00100255175 /* WBImageViewItem.h */,
				0473ED161C3FE00100255175 /* WBImageViewItem.m */,
				0473ED0F1C3FDFCB00255175 /* WBScrollViewController.h */,
				0473ED101C3FDFCB00255175 /* WBScrollViewController.m */,
				0473ECE51C3FDF8500255175 /* Main.storyboard */,
				0473ECE81C3FDF8500255175 /* Assets.xcassets */,
				0473ECEA1C3FDF8500255175 /* LaunchScreen.storyboard */,
				0473ECED1C3FDF8500255175 /* Info.plist */,
				0473ECDC1C3FDF8500255175 /* Supporting Files */,
			);
			path = WBImageView;
			sourceTree = "<group>";
		};
		0473ECDC1C3FDF8500255175 /* Supporting Files */ = {
			isa = PBXGroup;
			children = (
				0473ECDD1C3FDF8500255175 /* main.m */,
			);
			name = "Supporting Files";
			sourceTree = "<group>";
		};
		0473ECF51C3FDF8500255175 /* WBImageViewTests */ = {
			isa = PBXGroup;
			children = (
				0473ECF61C3FDF8500255175 /* WBImageViewTests.m */,
				0473ECF81C3FDF8500255175 /* Info.plist */,
			);
			path = WBImageViewTests;
			sourceTree = "<group>";
		};
		0473ED001C3FDF8500255175 /* WBImageViewUITests */ = {
			isa = PBXGroup;
			children = (
				0473ED011C3FDF8500255175 /* WBImageViewUITests.m */,
				0473ED031C3FDF8500255175 /* Info.plist */,
			);
			path = WBImageViewUITests;
			sourceTree = "<group>";
		};
		0473ED1B1C3FE2E400255175 /* UIUtils */ = {
			isa = PBXGroup;
			children = (
				0473ED1C1C3FE2E400255175 /* UIUtils.h */,
				0473ED1D1C3FE2E400255175 /* UIUtils.m */,
				0473ED1E1C3FE2E400255175 /* UIViewExt.h */,
				0473ED1F1C3FE2E400255175 /* UIViewExt.m */,
			);
			path = UIUtils;
			sourceTree = "<group>";
		};
		0473ED221C3FE32A00255175 /* SDWebImage */ = {
			isa = PBXGroup;
			children = (
				0473ED231C3FE32A00255175 /* MKAnnotationView+WebCache.h */,
				0473ED241C3FE32A00255175 /* MKAnnotationView+WebCache.m */,
				0473ED251C3FE32A00255175 /* NSData+ImageContentType.h */,
				0473ED261C3FE32A00255175 /* NSData+ImageContentType.m */,
				0473ED271C3FE32A00255175 /* SDImageCache.h */,
				0473ED281C3FE32A00255175 /* SDImageCache.m */,
				0473ED291C3FE32A00255175 /* SDWebImageCompat.h */,
				0473ED2A1C3FE32A00255175 /* SDWebImageCompat.m */,
				0473ED2B1C3FE32A00255175 /* SDWebImageDecoder.h */,
				0473ED2C1C3FE32A00255175 /* SDWebImageDecoder.m */,
				0473ED2D1C3FE32A00255175 /* SDWebImageDownloader.h */,
				0473ED2E1C3FE32A00255175 /* SDWebImageDownloader.m */,
				0473ED2F1C3FE32A00255175 /* SDWebImageDownloaderOperation.h */,
				0473ED301C3FE32A00255175 /* SDWebImageDownloaderOperation.m */,
				0473ED311C3FE32A00255175 /* SDWebImageManager.h */,
				0473ED321C3FE32A00255175 /* SDWebImageManager.m */,
				0473ED331C3FE32A00255175 /* SDWebImageOperation.h */,
				0473ED341C3FE32A00255175 /* SDWebImagePrefetcher.h */,
				0473ED351C3FE32A00255175 /* SDWebImagePrefetcher.m */,
				0473ED361C3FE32A00255175 /* UIButton+WebCache.h */,
				0473ED371C3FE32A00255175 /* UIButton+WebCache.m */,
				0473ED381C3FE32A00255175 /* UIImage+GIF.h */,
				0473ED391C3FE32A00255175 /* UIImage+GIF.m */,
				0473ED3A1C3FE32A00255175 /* UIImage+MultiFormat.h */,
				0473ED3B1C3FE32A00255175 /* UIImage+MultiFormat.m */,
				0473ED3C1C3FE32A00255175 /* UIImage+WebP.h */,
				0473ED3D1C3FE32A00255175 /* UIImage+WebP.m */,
				0473ED3E1C3FE32A00255175 /* UIImageView+HighlightedWebCache.h */,
				0473ED3F1C3FE32A00255175 /* UIImageView+HighlightedWebCache.m */,
				0473ED401C3FE32A00255175 /* UIImageView+WebCache.h */,
				0473ED411C3FE32A00255175 /* UIImageView+WebCache.m */,
			);
			path = SDWebImage;
			sourceTree = "<group>";
		};
/* End PBXGroup section */

/* Begin PBXNativeTarget section */
		0473ECD81C3FDF8400255175 /* WBImageView */ = {
			isa = PBXNativeTarget;
			buildConfigurationList = 0473ED061C3FDF8500255175 /* Build configuration list for PBXNativeTarget "WBImageView" */;
			buildPhases = (
				0473ECD51C3FDF8400255175 /* Sources */,
				0473ECD61C3FDF8400255175 /* Frameworks */,
				0473ECD71C3FDF8400255175 /* Resources */,
			);
			buildRules = (
			);
			dependencies = (
			);
			name = WBImageView;
			productName = WBImageView;
			productReference = 0473ECD91C3FDF8400255175 /* WBImageView.app */;
			productType = "com.apple.product-type.application";
		};
		0473ECF11C3FDF8500255175 /* WBImageViewTests */ = {
			isa = PBXNativeTarget;
			buildConfigurationList = 0473ED091C3FDF8500255175 /* Build configuration list for PBXNativeTarget "WBImageViewTests" */;
			buildPhases = (
				0473ECEE1C3FDF8500255175 /* Sources */,
				0473ECEF1C3FDF8500255175 /* Frameworks */,
				0473ECF01C3FDF8500255175 /* Resources */,
			);
			buildRules = (
			);
			dependencies = (
				0473ECF41C3FDF8500255175 /* PBXTargetDependency */,
			);
			name = WBImageViewTests;
			productName = WBImageViewTests;
			productReference = 0473ECF21C3FDF8500255175 /* WBImageViewTests.xctest */;
			productType = "com.apple.product-type.bundle.unit-test";
		};
		0473ECFC1C3FDF8500255175 /* WBImageViewUITests */ = {
			isa = PBXNativeTarget;
			buildConfigurationList = 0473ED0C1C3FDF8500255175 /* Build configuration list for PBXNativeTarget "WBImageViewUITests" */;
			buildPhases = (
				0473ECF91C3FDF8500255175 /* Sources */,
				0473ECFA1C3FDF8500255175 /* Frameworks */,
				0473ECFB1C3FDF8500255175 /* Resources */,
			);
			buildRules = (
			);
			dependencies = (
				0473ECFF1C3FDF8500255175 /* PBXTargetDependency */,
			);
			name = WBImageViewUITests;
			productName = WBImageViewUITests;
			productReference = 0473ECFD1C3FDF8500255175 /* WBImageViewUITests.xctest */;
			productType = "com.apple.product-type.bundle.ui-testing";
		};
/* End PBXNativeTarget section */

/* Begin PBXProject section */
		0473ECD11C3FDF8400255175 /* Project object */ = {
			isa = PBXProject;
			attributes = {
				LastUpgradeCheck = 0710;
				ORGANIZATIONNAME = "耿金鹏";
				TargetAttributes = {
					0473ECD81C3FDF8400255175 = {
						CreatedOnToolsVersion = 7.1.1;
					};
					0473ECF11C3FDF8500255175 = {
						CreatedOnToolsVersion = 7.1.1;
						TestTargetID = 0473ECD81C3FDF8400255175;
					};
					0473ECFC1C3FDF8500255175 = {
						CreatedOnToolsVersion = 7.1.1;
						TestTargetID = 0473ECD81C3FDF8400255175;
					};
				};
			};
			buildConfigurationList = 0473ECD41C3FDF8400255175 /* Build configuration list for PBXProject "WBImageView" */;
			compatibilityVersion = "Xcode 3.2";
			developmentRegion = English;
			hasScannedForEncodings = 0;
			knownRegions = (
				en,
				Base,
			);
			mainGroup = 0473ECD01C3FDF8400255175;
			productRefGroup = 0473ECDA1C3FDF8400255175 /* Products */;
			projectDirPath = "";
			projectRoot = "";
			targets = (
				0473ECD81C3FDF8400255175 /* WBImageView */,
				0473ECF11C3FDF8500255175 /* WBImageViewTests */,
				0473ECFC1C3FDF8500255175 /* WBImageViewUITests */,
			);
		};
/* End PBXProject section */

/* Begin PBXResourcesBuildPhase section */
		0473ECD71C3FDF8400255175 /* Resources */ = {
			isa = PBXResourcesBuildPhase;
			buildActionMask = 2147483647;
			files = (
				0473ECEC1C3FDF8500255175 /* LaunchScreen.storyboard in Resources */,
				0473ECE91C3FDF8500255175 /* Assets.xcassets in Resources */,
				0473ECE71C3FDF8500255175 /* Main.storyboard in Resources */,
			);
			runOnlyForDeploymentPostprocessing = 0;
		};
		0473ECF01C3FDF8500255175 /* Resources */ = {
			isa = PBXResourcesBuildPhase;
			buildActionMask = 2147483647;
			files = (
			);
			runOnlyForDeploymentPostprocessing = 0;
		};
		0473ECFB1C3FDF8500255175 /* Resources */ = {
			isa = PBXResourcesBuildPhase;
			buildActionMask = 2147483647;
			files = (
			);
			runOnlyForDeploymentPostprocessing = 0;
		};
/* End PBXResourcesBuildPhase section */

/* Begin PBXSourcesBuildPhase section */
		0473ECD51C3FDF8400255175 /* Sources */ = {
			isa = PBXSourcesBuildPhase;
			buildActionMask = 2147483647;
			files = (
				0473ED461C3FE32A00255175 /* SDWebImageDecoder.m in Sources */,
				0473ED491C3FE32A00255175 /* SDWebImageManager.m in Sources */,
				0473ED431C3FE32A00255175 /* NSData+ImageContentType.m in Sources */,
				0473ED451C3FE32A00255175 /* SDWebImageCompat.m in Sources */,
				0473ED4E1C3FE32A00255175 /* UIImage+WebP.m in Sources */,
				0473ED211C3FE2E400255175 /* UIViewExt.m in Sources */,
				0473ED4F1C3FE32A00255175 /* UIImageView+HighlightedWebCache.m in Sources */,
				0473ED171C3FE00100255175 /* WBImageViewItem.m in Sources */,
				0473ECE41C3FDF8500255175 /* ViewController.m in Sources */,
				0473ED4B1C3FE32A00255175 /* UIButton+WebCache.m in Sources */,
				0473ED4A1C3FE32A00255175 /* SDWebImagePrefetcher.m in Sources */,
				0473ED481C3FE32A00255175 /* SDWebImageDownloaderOperation.m in Sources */,
				0473ED141C3FDFE600255175 /* WBImageView.m in Sources */,
				0473ECE11C3FDF8500255175 /* AppDelegate.m in Sources */,
				0473ED4D1C3FE32A00255175 /* UIImage+MultiFormat.m in Sources */,
				0473ED201C3FE2E400255175 /* UIUtils.m in Sources */,
				0473ED441C3FE32A00255175 /* SDImageCache.m in Sources */,
				0473ED111C3FDFCB00255175 /* WBScrollViewController.m in Sources */,
				0473ECDE1C3FDF8500255175 /* main.m in Sources */,
				0473ED4C1C3FE32A00255175 /* UIImage+GIF.m in Sources */,
				0473ED471C3FE32A00255175 /* SDWebImageDownloader.m in Sources */,
				0473ED501C3FE32A00255175 /* UIImageView+WebCache.m in Sources */,
				0473ED421C3FE32A00255175 /* MKAnnotationView+WebCache.m in Sources */,
			);
			runOnlyForDeploymentPostprocessing = 0;
		};
		0473ECEE1C3FDF8500255175 /* Sources */ = {
			isa = PBXSourcesBuildPhase;
			buildActionMask = 2147483647;
			files = (
				0473ECF71C3FDF8500255175 /* WBImageViewTests.m in Sources */,
			);
			runOnlyForDeploymentPostprocessing = 0;
		};
		0473ECF91C3FDF8500255175 /* Sources */ = {
			isa = PBXSourcesBuildPhase;
			buildActionMask = 2147483647;
			files = (
				0473ED021C3FDF8500255175 /* WBImageViewUITests.m in Sources */,
			);
			runOnlyForDeploymentPostprocessing = 0;
		};
/* End PBXSourcesBuildPhase section */

/* Begin PBXTargetDependency section */
		0473ECF41C3FDF8500255175 /* PBXTargetDependency */ = {
			isa = PBXTargetDependency;
			target = 0473ECD81C3FDF8400255175 /* WBImageView */;
			targetProxy = 0473ECF31C3FDF8500255175 /* PBXContainerItemProxy */;
		};
		0473ECFF1C3FDF8500255175 /* PBXTargetDependency */ = {
			isa = PBXTargetDependency;
			target = 0473ECD81C3FDF8400255175 /* WBImageView */;
			targetProxy = 0473ECFE1C3FDF8500255175 /* PBXContainerItemProxy */;
		};
/* End PBXTargetDependency section */

/* Begin PBXVariantGroup section */
		0473ECE51C3FDF8500255175 /* Main.storyboard */ = {
			isa = PBXVariantGroup;
			children = (
				0473ECE61C3FDF8500255175 /* Base */,
			);
			name = Main.storyboard;
			sourceTree = "<group>";
		};
		0473ECEA1C3FDF8500255175 /* LaunchScreen.storyboard */ = {
			isa = PBXVariantGroup;
			children = (
				0473ECEB1C3FDF8500255175 /* Base */,
			);
			name = LaunchScreen.storyboard;
			sourceTree = "<group>";
		};
/* End PBXVariantGroup section */

/* Begin XCBuildConfiguration section */
		0473ED041C3FDF8500255175 /* Debug */ = {
			isa = XCBuildConfiguration;
			buildSettings = {
				ALWAYS_SEARCH_USER_PATHS = NO;
				CLANG_CXX_LANGUAGE_STANDARD = "gnu++0x";
				CLANG_CXX_LIBRARY = "libc++";
				CLANG_ENABLE_MODULES = YES;
				CLANG_ENABLE_OBJC_ARC = YES;
				CLANG_WARN_BOOL_CONVERSION = YES;
				CLANG_WARN_CONSTANT_CONVERSION = YES;
				CLANG_WARN_DIRECT_OBJC_ISA_USAGE = YES_ERROR;
				CLANG_WARN_EMPTY_BODY = YES;
				CLANG_WARN_ENUM_CONVERSION = YES;
				CLANG_WARN_INT_CONVERSION = YES;
				CLANG_WARN_OBJC_ROOT_CLASS = YES_ERROR;
				CLANG_WARN_UNREACHABLE_CODE = YES;
				CLANG_WARN__DUPLICATE_METHOD_MATCH = YES;
				"CODE_SIGN_IDENTITY[sdk=iphoneos*]" = "iPhone Developer";
				COPY_PHASE_STRIP = NO;
				DEBUG_INFORMATION_FORMAT = dwarf;
				ENABLE_STRICT_OBJC_MSGSEND = YES;
				ENABLE_TESTABILITY = YES;
				GCC_C_LANGUAGE_STANDARD = gnu99;
				GCC_DYNAMIC_NO_PIC = NO;
				GCC_NO_COMMON_BLOCKS = YES;
				GCC_OPTIMIZATION_LEVEL = 0;
				GCC_PREPROCESSOR_DEFINITIONS = (
					"DEBUG=1",
					"$(inherited)",
				);
				GCC_WARN_64_TO_32_BIT_CONVERSION = YES;
				GCC_WARN_ABOUT_RETURN_TYPE = YES_ERROR;
				GCC_WARN_UNDECLARED_SELECTOR = YES;
				GCC_WARN_UNINITIALIZED_AUTOS = YES_AGGRESSIVE;
				GCC_WARN_UNUSED_FUNCTION = YES;
				GCC_WARN_UNUSED_VARIABLE = YES;
				IPHONEOS_DEPLOYMENT_TARGET = 9.1;
				MTL_ENABLE_DEBUG_INFO = YES;
				ONLY_ACTIVE_ARCH = YES;
				SDKROOT = iphoneos;
				TARGETED_DEVICE_FAMILY = "1,2";
			};
			name = Debug;
		};
		0473ED051C3FDF8500255175 /* Release */ = {
			isa = XCBuildConfiguration;
			buildSettings = {
				ALWAYS_SEARCH_USER_PATHS = NO;
				CLANG_CXX_LANGUAGE_STANDARD = "gnu++0x";
				CLANG_CXX_LIBRARY = "libc++";
				CLANG_ENABLE_MODULES = YES;
				CLANG_ENABLE_OBJC_ARC = YES;
				CLANG_WARN_BOOL_CONVERSION = YES;
				CLANG_WARN_CONSTANT_CONVERSION = YES;
				CLANG_WARN_DIRECT_OBJC_ISA_USAGE = YES_ERROR;
				CLANG_WARN_EMPTY_BODY = YES;
				CLANG_WARN_ENUM_CONVERSION = YES;
				CLANG_WARN_INT_CONVERSION = YES;
				CLANG_WARN_OBJC_ROOT_CLASS = YES_ERROR;
				CLANG_WARN_UNREACHABLE_CODE = YES;
				CLANG_WARN__DUPLICATE_METHOD_MATCH = YES;
				"CODE_SIGN_IDENTITY[sdk=iphoneos*]" = "iPhone Developer";
				COPY_PHASE_STRIP = NO;
				DEBUG_INFORMATION_FORMAT = "dwarf-with-dsym";
				ENABLE_NS_ASSERTIONS = NO;
				ENABLE_STRICT_OBJC_MSGSEND = YES;
				GCC_C_LANGUAGE_STANDARD = gnu99;
				GCC_NO_COMMON_BLOCKS = YES;
				GCC_WARN_64_TO_32_BIT_CONVERSION = YES;
				GCC_WARN_ABOUT_RETURN_TYPE = YES_ERROR;
				GCC_WARN_UNDECLARED_SELECTOR = YES;
				GCC_WARN_UNINITIALIZED_AUTOS = YES_AGGRESSIVE;
				GCC_WARN_UNUSED_FUNCTION = YES;
				GCC_WARN_UNUSED_VARIABLE = YES;
				IPHONEOS_DEPLOYMENT_TARGET = 9.1;
				MTL_ENABLE_DEBUG_INFO = NO;
				SDKROOT = iphoneos;
				TARGETED_DEVICE_FAMILY = "1,2";
				VALIDATE_PRODUCT = YES;
			};
			name = Release;
		};
		0473ED071C3FDF8500255175 /* Debug */ = {
			isa = XCBuildConfiguration;
			buildSettings = {
				ASSETCATALOG_COMPILER_APPICON_NAME = AppIcon;
				INFOPLIST_FILE = WBImageView/Info.plist;
				LD_RUNPATH_SEARCH_PATHS = "$(inherited) @executable_path/Frameworks";
				PRODUCT_BUNDLE_IDENTIFIER = com.beiwo.WBImageView;
				PRODUCT_NAME = "$(TARGET_NAME)";
			};
			name = Debug;
		};
		0473ED081C3FDF8500255175 /* Release */ = {
			isa = XCBuildConfiguration;
			buildSettings = {
				ASSETCATALOG_COMPILER_APPICON_NAME = AppIcon;
				INFOPLIST_FILE = WBImageView/Info.plist;
				LD_RUNPATH_SEARCH_PATHS = "$(inherited) @executable_path/Frameworks";
				PRODUCT_BUNDLE_IDENTIFIER = com.beiwo.WBImageView;
				PRODUCT_NAME = "$(TARGET_NAME)";
			};
			name = Release;
		};
		0473ED0A1C3FDF8500255175 /* Debug */ = {
			isa = XCBuildConfiguration;
			buildSettings = {
				BUNDLE_LOADER = "$(TEST_HOST)";
				INFOPLIST_FILE = WBImageViewTests/Info.plist;
				LD_RUNPATH_SEARCH_PATHS = "$(inherited) @executable_path/Frameworks @loader_path/Frameworks";
				PRODUCT_BUNDLE_IDENTIFIER = com.beiwo.WBImageViewTests;
				PRODUCT_NAME = "$(TARGET_NAME)";
				TEST_HOST = "$(BUILT_PRODUCTS_DIR)/WBImageView.app/WBImageView";
			};
			name = Debug;
		};
		0473ED0B1C3FDF8500255175 /* Release */ = {
			isa = XCBuildConfiguration;
			buildSettings = {
				BUNDLE_LOADER = "$(TEST_HOST)";
				INFOPLIST_FILE = WBImageViewTests/Info.plist;
				LD_RUNPATH_SEARCH_PATHS = "$(inherited) @executable_path/Frameworks @loader_path/Frameworks";
				PRODUCT_BUNDLE_IDENTIFIER = com.beiwo.WBImageViewTests;
				PRODUCT_NAME = "$(TARGET_NAME)";
				TEST_HOST = "$(BUILT_PRODUCTS_DIR)/WBImageView.app/WBImageView";
			};
			name = Release;
		};
		0473ED0D1C3FDF8500255175 /* Debug */ = {
			isa = XCBuildConfiguration;
			buildSettings = {
				INFOPLIST_FILE = WBImageViewUITests/Info.plist;
				LD_RUNPATH_SEARCH_PATHS = "$(inherited) @executable_path/Frameworks @loader_path/Frameworks";
				PRODUCT_BUNDLE_IDENTIFIER = com.beiwo.WBImageViewUITests;
				PRODUCT_NAME = "$(TARGET_NAME)";
				TEST_TARGET_NAME = WBImageView;
				USES_XCTRUNNER = YES;
			};
			name = Debug;
		};
		0473ED0E1C3FDF8500255175 /* Release */ = {
			isa = XCBuildConfiguration;
			buildSettings = {
				INFOPLIST_FILE = WBImageViewUITests/Info.plist;
				LD_RUNPATH_SEARCH_PATHS = "$(inherited) @executable_path/Frameworks @loader_path/Frameworks";
				PRODUCT_BUNDLE_IDENTIFIER = com.beiwo.WBImageViewUITests;
				PRODUCT_NAME = "$(TARGET_NAME)";
				TEST_TARGET_NAME = WBImageView;
				USES_XCTRUNNER = YES;
			};
			name = Release;
		};
/* End XCBuildConfiguration section */

/* Begin XCConfigurationList section */
		0473ECD41C3FDF8400255175 /* Build configuration list for PBXProject "WBImageView" */ = {
			isa = XCConfigurationList;
			buildConfigurations = (
				0473ED041C3FDF8500255175 /* Debug */,
				0473ED051C3FDF8500255175 /* Release */,
			);
			defaultConfigurationIsVisible = 0;
			defaultConfigurationName = Release;
		};
		0473ED061C3FDF8500255175 /* Build configuration list for PBXNativeTarget "WBImageView" */ = {
			isa = XCConfigurationList;
			buildConfigurations = (
				0473ED071C3FDF8500255175 /* Debug */,
				0473ED081C3FDF8500255175 /* Release */,
			);
			defaultConfigurationIsVisible = 0;
		};
		0473ED091C3FDF8500255175 /* Build configuration list for PBXNativeTarget "WBImageViewTests" */ = {
			isa = XCConfigurationList;
			buildConfigurations = (
				0473ED0A1C3FDF8500255175 /* Debug */,
				0473ED0B1C3FDF8500255175 /* Release */,
			);
			defaultConfigurationIsVisible = 0;
		};
		0473ED0C1C3FDF8500255175 /* Build configuration list for PBXNativeTarget "WBImageViewUITests" */ = {
			isa = XCConfigurationList;
			buildConfigurations = (
				0473ED0D1C3FDF8500255175 /* Debug */,
				0473ED0E1C3FDF8500255175 /* Release */,
			);
			defaultConfigurationIsVisible = 0;
		};
/* End XCConfigurationList section */
	};
	rootObject = 0473ECD11C3FDF8400255175 /* Project object */;
}
